// !$*UTF8*$!
{
	archiveVersion = 1;
	classes = {
	};
	objectVersion = 50;
	objects = {

/* Begin PBXBuildFile section */
		19334B9F26C826E800840389 /* TnekoMock.swift in Sources */ = {isa = PBXBuildFile; fileRef = 19334B9E26C826E800840389 /* TnekoMock.swift */; };
		19334BA426C8283D00840389 /* TnekoMock.json in Resources */ = {isa = PBXBuildFile; fileRef = 19334BA326C8283D00840389 /* TnekoMock.json */; };
		19334BA626C8399700840389 /* StateDetailListView.swift in Sources */ = {isa = PBXBuildFile; fileRef = 19334BA526C8399700840389 /* StateDetailListView.swift */; };
		19468C5526AFD59A00895CBE /* LuggageItemGrid.swift in Sources */ = {isa = PBXBuildFile; fileRef = 19468C5426AFD59A00895CBE /* LuggageItemGrid.swift */; };
		1978FCF826E9E587008C0CAB /* StateDetailViewModel.swift in Sources */ = {isa = PBXBuildFile; fileRef = 1978FCF726E9E587008C0CAB /* StateDetailViewModel.swift */; };
		19A9A2AB26C1060F00BD5AF8 /* StateDetailView.swift in Sources */ = {isa = PBXBuildFile; fileRef = 19A9A2AA26C1060F00BD5AF8 /* StateDetailView.swift */; };
		19A9A2AD26C1285800BD5AF8 /* DeliveryItem.swift in Sources */ = {isa = PBXBuildFile; fileRef = 19A9A2AC26C1285800BD5AF8 /* DeliveryItem.swift */; };
		19A9A2AF26C128A800BD5AF8 /* DeliveryStatus.swift in Sources */ = {isa = PBXBuildFile; fileRef = 19A9A2AE26C128A800BD5AF8 /* DeliveryStatus.swift */; };
		19A9A2BE26C1342E00BD5AF8 /* Domain.framework in Frameworks */ = {isa = PBXBuildFile; fileRef = 19A9A2B526C1342E00BD5AF8 /* Domain.framework */; };
		19A9A2C526C1342E00BD5AF8 /* DomainTests.swift in Sources */ = {isa = PBXBuildFile; fileRef = 19A9A2C426C1342E00BD5AF8 /* DomainTests.swift */; };
		19A9A2C726C1342E00BD5AF8 /* Domain.h in Headers */ = {isa = PBXBuildFile; fileRef = 19A9A2B726C1342E00BD5AF8 /* Domain.h */; settings = {ATTRIBUTES = (Public, ); }; };
		19A9A2CA26C1342E00BD5AF8 /* Domain.framework in Frameworks */ = {isa = PBXBuildFile; fileRef = 19A9A2B526C1342E00BD5AF8 /* Domain.framework */; };
		19A9A2CB26C1342E00BD5AF8 /* Domain.framework in Embed Frameworks */ = {isa = PBXBuildFile; fileRef = 19A9A2B526C1342E00BD5AF8 /* Domain.framework */; settings = {ATTRIBUTES = (CodeSignOnCopy, RemoveHeadersOnCopy, ); }; };
		19A9A2D326C134AA00BD5AF8 /* ApiClient.swift in Sources */ = {isa = PBXBuildFile; fileRef = 19E5A7FE267219B4000CFC3F /* ApiClient.swift */; };
		19A9A2D426C134AC00BD5AF8 /* APIError.swift in Sources */ = {isa = PBXBuildFile; fileRef = 19D6DA3726B559650030343D /* APIError.swift */; };
		19A9A2D526C134B000BD5AF8 /* RequestType.swift in Sources */ = {isa = PBXBuildFile; fileRef = 19D6DA3B26B591850030343D /* RequestType.swift */; };
		19A9A2D626C134B400BD5AF8 /* ResponseType.swift in Sources */ = {isa = PBXBuildFile; fileRef = 19D6DA3F26B639A50030343D /* ResponseType.swift */; };
		19A9A2D826C134B800BD5AF8 /* HTTPMethod.swift in Sources */ = {isa = PBXBuildFile; fileRef = 19D6DA3D26B592040030343D /* HTTPMethod.swift */; };
		19A9A2D926C134C200BD5AF8 /* APIClient+Endpoints.swift in Sources */ = {isa = PBXBuildFile; fileRef = 19D6DA4126B63A750030343D /* APIClient+Endpoints.swift */; };
		19A9A2DA26C134F200BD5AF8 /* Tneko.swift in Sources */ = {isa = PBXBuildFile; fileRef = 19D6DA3526B528C90030343D /* Tneko.swift */; };
		19C26A7B26B9B17200845289 /* TnekoClient.swift in Sources */ = {isa = PBXBuildFile; fileRef = 19C26A7A26B9B17200845289 /* TnekoClient.swift */; };
		19C26A7D26B9B81A00845289 /* DonutsView.swift in Sources */ = {isa = PBXBuildFile; fileRef = 19C26A7C26B9B81A00845289 /* DonutsView.swift */; };
		19C26A7F26BC329C00845289 /* Color+extension.swift in Sources */ = {isa = PBXBuildFile; fileRef = 19C26A7E26BC329C00845289 /* Color+extension.swift */; };
		19C26A8226BC403900845289 /* DeliveryListViewModel.swift in Sources */ = {isa = PBXBuildFile; fileRef = 19C26A8126BC403900845289 /* DeliveryListViewModel.swift */; };
		19C584EF26EA0947002F4341 /* Notification+extension.swift in Sources */ = {isa = PBXBuildFile; fileRef = 19C584EE26EA0947002F4341 /* Notification+extension.swift */; };
		19DEC71826D5384000D9985B /* LocalDeliveryItems.swift in Sources */ = {isa = PBXBuildFile; fileRef = 19DEC71726D5384000D9985B /* LocalDeliveryItems.swift */; };
		19DEC71B26D53C9400D9985B /* AddListView.swift in Sources */ = {isa = PBXBuildFile; fileRef = 19DEC71A26D53C9400D9985B /* AddListView.swift */; };
		19DEC71D26D5403E00D9985B /* AddListViewModel.swift in Sources */ = {isa = PBXBuildFile; fileRef = 19DEC71C26D5403E00D9985B /* AddListViewModel.swift */; };
		2B5AC1DD2670EBAF00CB80F6 /* BlackCatApp.swift in Sources */ = {isa = PBXBuildFile; fileRef = 2B5AC1DC2670EBAF00CB80F6 /* BlackCatApp.swift */; };
		2B5AC1DF2670EBAF00CB80F6 /* DeliveryListView.swift in Sources */ = {isa = PBXBuildFile; fileRef = 2B5AC1DE2670EBAF00CB80F6 /* DeliveryListView.swift */; };
		2B5AC1E12670EBB300CB80F6 /* Assets.xcassets in Resources */ = {isa = PBXBuildFile; fileRef = 2B5AC1E02670EBB300CB80F6 /* Assets.xcassets */; };
		2B5AC1E42670EBB300CB80F6 /* Preview Assets.xcassets in Resources */ = {isa = PBXBuildFile; fileRef = 2B5AC1E32670EBB300CB80F6 /* Preview Assets.xcassets */; };
		2B5AC1F32670EDA300CB80F6 /* WidgetKit.framework in Frameworks */ = {isa = PBXBuildFile; fileRef = 2B5AC1F22670EDA300CB80F6 /* WidgetKit.framework */; };
		2B5AC1F52670EDA400CB80F6 /* SwiftUI.framework in Frameworks */ = {isa = PBXBuildFile; fileRef = 2B5AC1F42670EDA400CB80F6 /* SwiftUI.framework */; };
		2B5AC1F82670EDA400CB80F6 /* BlackCarWidget.swift in Sources */ = {isa = PBXBuildFile; fileRef = 2B5AC1F72670EDA400CB80F6 /* BlackCarWidget.swift */; };
		2B5AC1FB2670EDAB00CB80F6 /* Assets.xcassets in Resources */ = {isa = PBXBuildFile; fileRef = 2B5AC1FA2670EDAB00CB80F6 /* Assets.xcassets */; };
		2B5AC1FD2670EDAB00CB80F6 /* BlackCarWidget.intentdefinition in Sources */ = {isa = PBXBuildFile; fileRef = 2B5AC1F92670EDA400CB80F6 /* BlackCarWidget.intentdefinition */; };
		2B5AC1FE2670EDAB00CB80F6 /* BlackCarWidget.intentdefinition in Sources */ = {isa = PBXBuildFile; fileRef = 2B5AC1F92670EDA400CB80F6 /* BlackCarWidget.intentdefinition */; };
		2B5D54B826ED084100189351 /* View+extension.swift in Sources */ = {isa = PBXBuildFile; fileRef = 2B5D54B726ED084100189351 /* View+extension.swift */; };
/* End PBXBuildFile section */

/* Begin PBXContainerItemProxy section */
		19A9A2BF26C1342E00BD5AF8 /* PBXContainerItemProxy */ = {
			isa = PBXContainerItemProxy;
			containerPortal = 2B5AC1D12670EBAF00CB80F6 /* Project object */;
			proxyType = 1;
			remoteGlobalIDString = 19A9A2B426C1342E00BD5AF8;
			remoteInfo = Domain;
		};
		19A9A2C126C1342E00BD5AF8 /* PBXContainerItemProxy */ = {
			isa = PBXContainerItemProxy;
			containerPortal = 2B5AC1D12670EBAF00CB80F6 /* Project object */;
			proxyType = 1;
			remoteGlobalIDString = 2B5AC1D82670EBAF00CB80F6;
			remoteInfo = BlackCat;
		};
		19A9A2C826C1342E00BD5AF8 /* PBXContainerItemProxy */ = {
			isa = PBXContainerItemProxy;
			containerPortal = 2B5AC1D12670EBAF00CB80F6 /* Project object */;
			proxyType = 1;
			remoteGlobalIDString = 19A9A2B426C1342E00BD5AF8;
			remoteInfo = Domain;
		};
/* End PBXContainerItemProxy section */

/* Begin PBXCopyFilesBuildPhase section */
		19A9A2CF26C1342E00BD5AF8 /* Embed Frameworks */ = {
			isa = PBXCopyFilesBuildPhase;
			buildActionMask = 2147483647;
			dstPath = "";
			dstSubfolderSpec = 10;
			files = (
				19A9A2CB26C1342E00BD5AF8 /* Domain.framework in Embed Frameworks */,
			);
			name = "Embed Frameworks";
			runOnlyForDeploymentPostprocessing = 0;
		};
/* End PBXCopyFilesBuildPhase section */

/* Begin PBXFileReference section */
		19334B9E26C826E800840389 /* TnekoMock.swift */ = {isa = PBXFileReference; lastKnownFileType = sourcecode.swift; path = TnekoMock.swift; sourceTree = "<group>"; };
		19334BA326C8283D00840389 /* TnekoMock.json */ = {isa = PBXFileReference; lastKnownFileType = text.json; path = TnekoMock.json; sourceTree = "<group>"; };
		19334BA526C8399700840389 /* StateDetailListView.swift */ = {isa = PBXFileReference; lastKnownFileType = sourcecode.swift; path = StateDetailListView.swift; sourceTree = "<group>"; };
		19468C5426AFD59A00895CBE /* LuggageItemGrid.swift */ = {isa = PBXFileReference; lastKnownFileType = sourcecode.swift; path = LuggageItemGrid.swift; sourceTree = "<group>"; };
		1978FCF726E9E587008C0CAB /* StateDetailViewModel.swift */ = {isa = PBXFileReference; lastKnownFileType = sourcecode.swift; path = StateDetailViewModel.swift; sourceTree = "<group>"; };
		19A9A2AA26C1060F00BD5AF8 /* StateDetailView.swift */ = {isa = PBXFileReference; lastKnownFileType = sourcecode.swift; path = StateDetailView.swift; sourceTree = "<group>"; };
		19A9A2AC26C1285800BD5AF8 /* DeliveryItem.swift */ = {isa = PBXFileReference; lastKnownFileType = sourcecode.swift; path = DeliveryItem.swift; sourceTree = "<group>"; };
		19A9A2AE26C128A800BD5AF8 /* DeliveryStatus.swift */ = {isa = PBXFileReference; lastKnownFileType = sourcecode.swift; path = DeliveryStatus.swift; sourceTree = "<group>"; };
		19A9A2B526C1342E00BD5AF8 /* Domain.framework */ = {isa = PBXFileReference; explicitFileType = wrapper.framework; includeInIndex = 0; path = Domain.framework; sourceTree = BUILT_PRODUCTS_DIR; };
		19A9A2B726C1342E00BD5AF8 /* Domain.h */ = {isa = PBXFileReference; lastKnownFileType = sourcecode.c.h; path = Domain.h; sourceTree = "<group>"; };
		19A9A2B826C1342E00BD5AF8 /* Info.plist */ = {isa = PBXFileReference; lastKnownFileType = text.plist.xml; path = Info.plist; sourceTree = "<group>"; };
		19A9A2BD26C1342E00BD5AF8 /* DomainTests.xctest */ = {isa = PBXFileReference; explicitFileType = wrapper.cfbundle; includeInIndex = 0; path = DomainTests.xctest; sourceTree = BUILT_PRODUCTS_DIR; };
		19A9A2C426C1342E00BD5AF8 /* DomainTests.swift */ = {isa = PBXFileReference; lastKnownFileType = sourcecode.swift; path = DomainTests.swift; sourceTree = "<group>"; };
		19A9A2C626C1342E00BD5AF8 /* Info.plist */ = {isa = PBXFileReference; lastKnownFileType = text.plist.xml; path = Info.plist; sourceTree = "<group>"; };
		19C26A7A26B9B17200845289 /* TnekoClient.swift */ = {isa = PBXFileReference; lastKnownFileType = sourcecode.swift; path = TnekoClient.swift; sourceTree = "<group>"; };
		19C26A7C26B9B81A00845289 /* DonutsView.swift */ = {isa = PBXFileReference; lastKnownFileType = sourcecode.swift; path = DonutsView.swift; sourceTree = "<group>"; };
		19C26A7E26BC329C00845289 /* Color+extension.swift */ = {isa = PBXFileReference; lastKnownFileType = sourcecode.swift; path = "Color+extension.swift"; sourceTree = "<group>"; };
		19C26A8126BC403900845289 /* DeliveryListViewModel.swift */ = {isa = PBXFileReference; lastKnownFileType = sourcecode.swift; path = DeliveryListViewModel.swift; sourceTree = "<group>"; };
		19C584EE26EA0947002F4341 /* Notification+extension.swift */ = {isa = PBXFileReference; lastKnownFileType = sourcecode.swift; path = "Notification+extension.swift"; sourceTree = "<group>"; };
		19D6DA3526B528C90030343D /* Tneko.swift */ = {isa = PBXFileReference; lastKnownFileType = sourcecode.swift; path = Tneko.swift; sourceTree = "<group>"; };
		19D6DA3726B559650030343D /* APIError.swift */ = {isa = PBXFileReference; lastKnownFileType = sourcecode.swift; path = APIError.swift; sourceTree = "<group>"; };
		19D6DA3B26B591850030343D /* RequestType.swift */ = {isa = PBXFileReference; lastKnownFileType = sourcecode.swift; path = RequestType.swift; sourceTree = "<group>"; };
		19D6DA3D26B592040030343D /* HTTPMethod.swift */ = {isa = PBXFileReference; lastKnownFileType = sourcecode.swift; path = HTTPMethod.swift; sourceTree = "<group>"; };
		19D6DA3F26B639A50030343D /* ResponseType.swift */ = {isa = PBXFileReference; lastKnownFileType = sourcecode.swift; path = ResponseType.swift; sourceTree = "<group>"; };
		19D6DA4126B63A750030343D /* APIClient+Endpoints.swift */ = {isa = PBXFileReference; lastKnownFileType = sourcecode.swift; path = "APIClient+Endpoints.swift"; sourceTree = "<group>"; };
		19DEC71726D5384000D9985B /* LocalDeliveryItems.swift */ = {isa = PBXFileReference; lastKnownFileType = sourcecode.swift; path = LocalDeliveryItems.swift; sourceTree = "<group>"; };
		19DEC71A26D53C9400D9985B /* AddListView.swift */ = {isa = PBXFileReference; lastKnownFileType = sourcecode.swift; path = AddListView.swift; sourceTree = "<group>"; };
		19DEC71C26D5403E00D9985B /* AddListViewModel.swift */ = {isa = PBXFileReference; lastKnownFileType = sourcecode.swift; path = AddListViewModel.swift; sourceTree = "<group>"; };
		19E5A7FE267219B4000CFC3F /* ApiClient.swift */ = {isa = PBXFileReference; lastKnownFileType = sourcecode.swift; path = ApiClient.swift; sourceTree = "<group>"; };
		2B5AC1D92670EBAF00CB80F6 /* BlackCat.app */ = {isa = PBXFileReference; explicitFileType = wrapper.application; includeInIndex = 0; path = BlackCat.app; sourceTree = BUILT_PRODUCTS_DIR; };
		2B5AC1DC2670EBAF00CB80F6 /* BlackCatApp.swift */ = {isa = PBXFileReference; lastKnownFileType = sourcecode.swift; path = BlackCatApp.swift; sourceTree = "<group>"; };
		2B5AC1DE2670EBAF00CB80F6 /* DeliveryListView.swift */ = {isa = PBXFileReference; lastKnownFileType = sourcecode.swift; path = DeliveryListView.swift; sourceTree = "<group>"; };
		2B5AC1E02670EBB300CB80F6 /* Assets.xcassets */ = {isa = PBXFileReference; lastKnownFileType = folder.assetcatalog; path = Assets.xcassets; sourceTree = "<group>"; };
		2B5AC1E32670EBB300CB80F6 /* Preview Assets.xcassets */ = {isa = PBXFileReference; lastKnownFileType = folder.assetcatalog; path = "Preview Assets.xcassets"; sourceTree = "<group>"; };
		2B5AC1E52670EBB300CB80F6 /* Info.plist */ = {isa = PBXFileReference; lastKnownFileType = text.plist.xml; path = Info.plist; sourceTree = "<group>"; };
		2B5AC1F02670EDA300CB80F6 /* BlackCarWidgetExtension.appex */ = {isa = PBXFileReference; explicitFileType = "wrapper.app-extension"; includeInIndex = 0; path = BlackCarWidgetExtension.appex; sourceTree = BUILT_PRODUCTS_DIR; };
		2B5AC1F22670EDA300CB80F6 /* WidgetKit.framework */ = {isa = PBXFileReference; lastKnownFileType = wrapper.framework; name = WidgetKit.framework; path = System/Library/Frameworks/WidgetKit.framework; sourceTree = SDKROOT; };
		2B5AC1F42670EDA400CB80F6 /* SwiftUI.framework */ = {isa = PBXFileReference; lastKnownFileType = wrapper.framework; name = SwiftUI.framework; path = System/Library/Frameworks/SwiftUI.framework; sourceTree = SDKROOT; };
		2B5AC1F72670EDA400CB80F6 /* BlackCarWidget.swift */ = {isa = PBXFileReference; lastKnownFileType = sourcecode.swift; path = BlackCarWidget.swift; sourceTree = "<group>"; };
		2B5AC1F92670EDA400CB80F6 /* BlackCarWidget.intentdefinition */ = {isa = PBXFileReference; lastKnownFileType = file.intentdefinition; path = BlackCarWidget.intentdefinition; sourceTree = "<group>"; };
		2B5AC1FA2670EDAB00CB80F6 /* Assets.xcassets */ = {isa = PBXFileReference; lastKnownFileType = folder.assetcatalog; path = Assets.xcassets; sourceTree = "<group>"; };
		2B5AC1FC2670EDAB00CB80F6 /* Info.plist */ = {isa = PBXFileReference; lastKnownFileType = text.plist.xml; path = Info.plist; sourceTree = "<group>"; };
		2B5D54B726ED084100189351 /* View+extension.swift */ = {isa = PBXFileReference; lastKnownFileType = sourcecode.swift; path = "View+extension.swift"; sourceTree = "<group>"; };
/* End PBXFileReference section */

/* Begin PBXFrameworksBuildPhase section */
		19A9A2B226C1342E00BD5AF8 /* Frameworks */ = {
			isa = PBXFrameworksBuildPhase;
			buildActionMask = 2147483647;
			files = (
			);
			runOnlyForDeploymentPostprocessing = 0;
		};
		19A9A2BA26C1342E00BD5AF8 /* Frameworks */ = {
			isa = PBXFrameworksBuildPhase;
			buildActionMask = 2147483647;
			files = (
				19A9A2BE26C1342E00BD5AF8 /* Domain.framework in Frameworks */,
			);
			runOnlyForDeploymentPostprocessing = 0;
		};
		2B5AC1D62670EBAF00CB80F6 /* Frameworks */ = {
			isa = PBXFrameworksBuildPhase;
			buildActionMask = 2147483647;
			files = (
				19A9A2CA26C1342E00BD5AF8 /* Domain.framework in Frameworks */,
			);
			runOnlyForDeploymentPostprocessing = 0;
		};
		2B5AC1ED2670EDA300CB80F6 /* Frameworks */ = {
			isa = PBXFrameworksBuildPhase;
			buildActionMask = 2147483647;
			files = (
				2B5AC1F52670EDA400CB80F6 /* SwiftUI.framework in Frameworks */,
				2B5AC1F32670EDA300CB80F6 /* WidgetKit.framework in Frameworks */,
			);
			runOnlyForDeploymentPostprocessing = 0;
		};
/* End PBXFrameworksBuildPhase section */

/* Begin PBXGroup section */
		19334B9826C8185800840389 /* Resources */ = {
			isa = PBXGroup;
			children = (
				19334B9E26C826E800840389 /* TnekoMock.swift */,
				19334BA326C8283D00840389 /* TnekoMock.json */,
			);
			path = Resources;
			sourceTree = "<group>";
		};
		19468C5326AFD57D00895CBE /* CommonVIews */ = {
			isa = PBXGroup;
			children = (
				19468C5426AFD59A00895CBE /* LuggageItemGrid.swift */,
				19C26A7C26B9B81A00845289 /* DonutsView.swift */,
			);
			path = CommonVIews;
			sourceTree = "<group>";
		};
		19468C5626AFD7DE00895CBE /* Models */ = {
			isa = PBXGroup;
			children = (
				19C26A7A26B9B17200845289 /* TnekoClient.swift */,
				19A9A2AC26C1285800BD5AF8 /* DeliveryItem.swift */,
				19A9A2AE26C128A800BD5AF8 /* DeliveryStatus.swift */,
				19DEC71726D5384000D9985B /* LocalDeliveryItems.swift */,
			);
			path = Models;
			sourceTree = "<group>";
		};
		19A9A2A926C105F500BD5AF8 /* StateDetail */ = {
			isa = PBXGroup;
			children = (
				19334BA526C8399700840389 /* StateDetailListView.swift */,
				19A9A2AA26C1060F00BD5AF8 /* StateDetailView.swift */,
				1978FCF726E9E587008C0CAB /* StateDetailViewModel.swift */,
			);
			path = StateDetail;
			sourceTree = "<group>";
		};
		19A9A2B626C1342E00BD5AF8 /* Domain */ = {
			isa = PBXGroup;
			children = (
				19A9A2B726C1342E00BD5AF8 /* Domain.h */,
				19A9A2B826C1342E00BD5AF8 /* Info.plist */,
				19E5A7FD26721992000CFC3F /* APIProtcols */,
				19B37DF826A4A61E00F36334 /* Endpoints */,
			);
			path = Domain;
			sourceTree = "<group>";
		};
		19A9A2C326C1342E00BD5AF8 /* DomainTests */ = {
			isa = PBXGroup;
			children = (
				19A9A2C426C1342E00BD5AF8 /* DomainTests.swift */,
				19A9A2C626C1342E00BD5AF8 /* Info.plist */,
			);
			path = DomainTests;
			sourceTree = "<group>";
		};
		19B37DF826A4A61E00F36334 /* Endpoints */ = {
			isa = PBXGroup;
			children = (
				19D6DA3526B528C90030343D /* Tneko.swift */,
			);
			path = Endpoints;
			sourceTree = "<group>";
		};
		19C26A8026BC3FBB00845289 /* DeliveryList */ = {
			isa = PBXGroup;
			children = (
				2B5AC1DE2670EBAF00CB80F6 /* DeliveryListView.swift */,
				19C26A8126BC403900845289 /* DeliveryListViewModel.swift */,
			);
			path = DeliveryList;
			sourceTree = "<group>";
		};
		19DEC71926D53C7400D9985B /* AddList */ = {
			isa = PBXGroup;
			children = (
				19DEC71A26D53C9400D9985B /* AddListView.swift */,
				19DEC71C26D5403E00D9985B /* AddListViewModel.swift */,
			);
			path = AddList;
			sourceTree = "<group>";
		};
		19E5A7FD26721992000CFC3F /* APIProtcols */ = {
			isa = PBXGroup;
			children = (
				19E5A7FE267219B4000CFC3F /* ApiClient.swift */,
				19D6DA3726B559650030343D /* APIError.swift */,
				19D6DA3B26B591850030343D /* RequestType.swift */,
				19D6DA3F26B639A50030343D /* ResponseType.swift */,
				19D6DA3D26B592040030343D /* HTTPMethod.swift */,
				19D6DA4126B63A750030343D /* APIClient+Endpoints.swift */,
			);
			path = APIProtcols;
			sourceTree = "<group>";
		};
		19F10FE726B523240068C44D /* Utils */ = {
			isa = PBXGroup;
			children = (
				19F10FE826B523310068C44D /* Extensions */,
			);
			path = Utils;
			sourceTree = "<group>";
		};
		19F10FE826B523310068C44D /* Extensions */ = {
			isa = PBXGroup;
			children = (
				19C26A7E26BC329C00845289 /* Color+extension.swift */,
				19C584EE26EA0947002F4341 /* Notification+extension.swift */,
				2B5D54B726ED084100189351 /* View+extension.swift */,
			);
			path = Extensions;
			sourceTree = "<group>";
		};
		2B5AC1D02670EBAF00CB80F6 = {
			isa = PBXGroup;
			children = (
				2B5AC1DB2670EBAF00CB80F6 /* BlackCat */,
				2B5AC1F62670EDA400CB80F6 /* BlackCarWidget */,
				19A9A2B626C1342E00BD5AF8 /* Domain */,
				19A9A2C326C1342E00BD5AF8 /* DomainTests */,
				2B5AC1F12670EDA300CB80F6 /* Frameworks */,
				2B5AC1DA2670EBAF00CB80F6 /* Products */,
			);
			sourceTree = "<group>";
		};
		2B5AC1DA2670EBAF00CB80F6 /* Products */ = {
			isa = PBXGroup;
			children = (
				2B5AC1D92670EBAF00CB80F6 /* BlackCat.app */,
				2B5AC1F02670EDA300CB80F6 /* BlackCarWidgetExtension.appex */,
				19A9A2B526C1342E00BD5AF8 /* Domain.framework */,
				19A9A2BD26C1342E00BD5AF8 /* DomainTests.xctest */,
			);
			name = Products;
			sourceTree = "<group>";
		};
		2B5AC1DB2670EBAF00CB80F6 /* BlackCat */ = {
			isa = PBXGroup;
			children = (
				2B5AC1DC2670EBAF00CB80F6 /* BlackCatApp.swift */,
				2B5AC2082670EDF800CB80F6 /* Scenes */,
				19468C5326AFD57D00895CBE /* CommonVIews */,
				19468C5626AFD7DE00895CBE /* Models */,
				19F10FE726B523240068C44D /* Utils */,
				19334B9826C8185800840389 /* Resources */,
				2B5AC1E02670EBB300CB80F6 /* Assets.xcassets */,
				2B5AC1E52670EBB300CB80F6 /* Info.plist */,
				2B5AC1E22670EBB300CB80F6 /* Preview Content */,
			);
			path = BlackCat;
			sourceTree = "<group>";
		};
		2B5AC1E22670EBB300CB80F6 /* Preview Content */ = {
			isa = PBXGroup;
			children = (
				2B5AC1E32670EBB300CB80F6 /* Preview Assets.xcassets */,
			);
			path = "Preview Content";
			sourceTree = "<group>";
		};
		2B5AC1F12670EDA300CB80F6 /* Frameworks */ = {
			isa = PBXGroup;
			children = (
				2B5AC1F22670EDA300CB80F6 /* WidgetKit.framework */,
				2B5AC1F42670EDA400CB80F6 /* SwiftUI.framework */,
			);
			name = Frameworks;
			sourceTree = "<group>";
		};
		2B5AC1F62670EDA400CB80F6 /* BlackCarWidget */ = {
			isa = PBXGroup;
			children = (
				2B5AC1F72670EDA400CB80F6 /* BlackCarWidget.swift */,
				2B5AC1F92670EDA400CB80F6 /* BlackCarWidget.intentdefinition */,
				2B5AC1FA2670EDAB00CB80F6 /* Assets.xcassets */,
				2B5AC1FC2670EDAB00CB80F6 /* Info.plist */,
			);
			path = BlackCarWidget;
			sourceTree = "<group>";
		};
		2B5AC2082670EDF800CB80F6 /* Scenes */ = {
			isa = PBXGroup;
			children = (
				19C26A8026BC3FBB00845289 /* DeliveryList */,
				19DEC71926D53C7400D9985B /* AddList */,
				19A9A2A926C105F500BD5AF8 /* StateDetail */,
			);
			path = Scenes;
			sourceTree = "<group>";
		};
/* End PBXGroup section */

/* Begin PBXHeadersBuildPhase section */
		19A9A2B026C1342E00BD5AF8 /* Headers */ = {
			isa = PBXHeadersBuildPhase;
			buildActionMask = 2147483647;
			files = (
				19A9A2C726C1342E00BD5AF8 /* Domain.h in Headers */,
			);
			runOnlyForDeploymentPostprocessing = 0;
		};
/* End PBXHeadersBuildPhase section */

/* Begin PBXNativeTarget section */
		19A9A2B426C1342E00BD5AF8 /* Domain */ = {
			isa = PBXNativeTarget;
			buildConfigurationList = 19A9A2CC26C1342E00BD5AF8 /* Build configuration list for PBXNativeTarget "Domain" */;
			buildPhases = (
				19A9A2B026C1342E00BD5AF8 /* Headers */,
				19A9A2B126C1342E00BD5AF8 /* Sources */,
				19A9A2B226C1342E00BD5AF8 /* Frameworks */,
				19A9A2B326C1342E00BD5AF8 /* Resources */,
			);
			buildRules = (
			);
			dependencies = (
			);
			name = Domain;
			productName = Domain;
			productReference = 19A9A2B526C1342E00BD5AF8 /* Domain.framework */;
			productType = "com.apple.product-type.framework";
		};
		19A9A2BC26C1342E00BD5AF8 /* DomainTests */ = {
			isa = PBXNativeTarget;
			buildConfigurationList = 19A9A2D026C1342E00BD5AF8 /* Build configuration list for PBXNativeTarget "DomainTests" */;
			buildPhases = (
				19A9A2B926C1342E00BD5AF8 /* Sources */,
				19A9A2BA26C1342E00BD5AF8 /* Frameworks */,
				19A9A2BB26C1342E00BD5AF8 /* Resources */,
			);
			buildRules = (
			);
			dependencies = (
				19A9A2C026C1342E00BD5AF8 /* PBXTargetDependency */,
				19A9A2C226C1342E00BD5AF8 /* PBXTargetDependency */,
			);
			name = DomainTests;
			productName = DomainTests;
			productReference = 19A9A2BD26C1342E00BD5AF8 /* DomainTests.xctest */;
			productType = "com.apple.product-type.bundle.unit-test";
		};
		2B5AC1D82670EBAF00CB80F6 /* BlackCat */ = {
			isa = PBXNativeTarget;
			buildConfigurationList = 2B5AC1E82670EBB300CB80F6 /* Build configuration list for PBXNativeTarget "BlackCat" */;
			buildPhases = (
				2B5AC1D52670EBAF00CB80F6 /* Sources */,
				2B5AC1D62670EBAF00CB80F6 /* Frameworks */,
				2B5AC1D72670EBAF00CB80F6 /* Resources */,
				19A9A2CF26C1342E00BD5AF8 /* Embed Frameworks */,
			);
			buildRules = (
			);
			dependencies = (
				19A9A2C926C1342E00BD5AF8 /* PBXTargetDependency */,
			);
			name = BlackCat;
			productName = BlackCat;
			productReference = 2B5AC1D92670EBAF00CB80F6 /* BlackCat.app */;
			productType = "com.apple.product-type.application";
		};
		2B5AC1EF2670EDA300CB80F6 /* BlackCarWidgetExtension */ = {
			isa = PBXNativeTarget;
			buildConfigurationList = 2B5AC2022670EDAC00CB80F6 /* Build configuration list for PBXNativeTarget "BlackCarWidgetExtension" */;
			buildPhases = (
				2B5AC1EC2670EDA300CB80F6 /* Sources */,
				2B5AC1ED2670EDA300CB80F6 /* Frameworks */,
				2B5AC1EE2670EDA300CB80F6 /* Resources */,
			);
			buildRules = (
			);
			dependencies = (
			);
			name = BlackCarWidgetExtension;
			productName = BlackCarWidgetExtension;
			productReference = 2B5AC1F02670EDA300CB80F6 /* BlackCarWidgetExtension.appex */;
			productType = "com.apple.product-type.app-extension";
		};
/* End PBXNativeTarget section */

/* Begin PBXProject section */
		2B5AC1D12670EBAF00CB80F6 /* Project object */ = {
			isa = PBXProject;
			attributes = {
				LastSwiftUpdateCheck = 1250;
				LastUpgradeCheck = 1200;
				TargetAttributes = {
					19A9A2B426C1342E00BD5AF8 = {
						CreatedOnToolsVersion = 12.5;
					};
					19A9A2BC26C1342E00BD5AF8 = {
						CreatedOnToolsVersion = 12.5;
						TestTargetID = 2B5AC1D82670EBAF00CB80F6;
					};
					2B5AC1D82670EBAF00CB80F6 = {
						CreatedOnToolsVersion = 12.0;
					};
					2B5AC1EF2670EDA300CB80F6 = {
						CreatedOnToolsVersion = 12.0;
					};
				};
			};
			buildConfigurationList = 2B5AC1D42670EBAF00CB80F6 /* Build configuration list for PBXProject "BlackCat" */;
			compatibilityVersion = "Xcode 9.3";
			developmentRegion = en;
			hasScannedForEncodings = 0;
			knownRegions = (
				en,
				Base,
			);
			mainGroup = 2B5AC1D02670EBAF00CB80F6;
			productRefGroup = 2B5AC1DA2670EBAF00CB80F6 /* Products */;
			projectDirPath = "";
			projectRoot = "";
			targets = (
				2B5AC1D82670EBAF00CB80F6 /* BlackCat */,
				2B5AC1EF2670EDA300CB80F6 /* BlackCarWidgetExtension */,
				19A9A2B426C1342E00BD5AF8 /* Domain */,
				19A9A2BC26C1342E00BD5AF8 /* DomainTests */,
			);
		};
/* End PBXProject section */

/* Begin PBXResourcesBuildPhase section */
		19A9A2B326C1342E00BD5AF8 /* Resources */ = {
			isa = PBXResourcesBuildPhase;
			buildActionMask = 2147483647;
			files = (
			);
			runOnlyForDeploymentPostprocessing = 0;
		};
		19A9A2BB26C1342E00BD5AF8 /* Resources */ = {
			isa = PBXResourcesBuildPhase;
			buildActionMask = 2147483647;
			files = (
			);
			runOnlyForDeploymentPostprocessing = 0;
		};
		2B5AC1D72670EBAF00CB80F6 /* Resources */ = {
			isa = PBXResourcesBuildPhase;
			buildActionMask = 2147483647;
			files = (
				2B5AC1E42670EBB300CB80F6 /* Preview Assets.xcassets in Resources */,
				19334BA426C8283D00840389 /* TnekoMock.json in Resources */,
				2B5AC1E12670EBB300CB80F6 /* Assets.xcassets in Resources */,
			);
			runOnlyForDeploymentPostprocessing = 0;
		};
		2B5AC1EE2670EDA300CB80F6 /* Resources */ = {
			isa = PBXResourcesBuildPhase;
			buildActionMask = 2147483647;
			files = (
				2B5AC1FB2670EDAB00CB80F6 /* Assets.xcassets in Resources */,
			);
			runOnlyForDeploymentPostprocessing = 0;
		};
/* End PBXResourcesBuildPhase section */

/* Begin PBXSourcesBuildPhase section */
		19A9A2B126C1342E00BD5AF8 /* Sources */ = {
			isa = PBXSourcesBuildPhase;
			buildActionMask = 2147483647;
			files = (
				19A9A2D926C134C200BD5AF8 /* APIClient+Endpoints.swift in Sources */,
				19A9A2D326C134AA00BD5AF8 /* ApiClient.swift in Sources */,
				19A9A2D426C134AC00BD5AF8 /* APIError.swift in Sources */,
				19A9A2D626C134B400BD5AF8 /* ResponseType.swift in Sources */,
				19A9A2DA26C134F200BD5AF8 /* Tneko.swift in Sources */,
				19A9A2D826C134B800BD5AF8 /* HTTPMethod.swift in Sources */,
				19A9A2D526C134B000BD5AF8 /* RequestType.swift in Sources */,
			);
			runOnlyForDeploymentPostprocessing = 0;
		};
		19A9A2B926C1342E00BD5AF8 /* Sources */ = {
			isa = PBXSourcesBuildPhase;
			buildActionMask = 2147483647;
			files = (
				19A9A2C526C1342E00BD5AF8 /* DomainTests.swift in Sources */,
			);
			runOnlyForDeploymentPostprocessing = 0;
		};
		2B5AC1D52670EBAF00CB80F6 /* Sources */ = {
			isa = PBXSourcesBuildPhase;
			buildActionMask = 2147483647;
			files = (
				19C584EF26EA0947002F4341 /* Notification+extension.swift in Sources */,
				2B5AC1DF2670EBAF00CB80F6 /* DeliveryListView.swift in Sources */,
				19C26A7F26BC329C00845289 /* Color+extension.swift in Sources */,
				19DEC71D26D5403E00D9985B /* AddListViewModel.swift in Sources */,
				19DEC71826D5384000D9985B /* LocalDeliveryItems.swift in Sources */,
				19A9A2AB26C1060F00BD5AF8 /* StateDetailView.swift in Sources */,
				1978FCF826E9E587008C0CAB /* StateDetailViewModel.swift in Sources */,
				19C26A7D26B9B81A00845289 /* DonutsView.swift in Sources */,
				19468C5526AFD59A00895CBE /* LuggageItemGrid.swift in Sources */,
				19334B9F26C826E800840389 /* TnekoMock.swift in Sources */,
				2B5AC1FE2670EDAB00CB80F6 /* BlackCarWidget.intentdefinition in Sources */,
				19C26A7B26B9B17200845289 /* TnekoClient.swift in Sources */,
				2B5AC1DD2670EBAF00CB80F6 /* BlackCatApp.swift in Sources */,
				19A9A2AF26C128A800BD5AF8 /* DeliveryStatus.swift in Sources */,
				19C26A8226BC403900845289 /* DeliveryListViewModel.swift in Sources */,
				19334BA626C8399700840389 /* StateDetailListView.swift in Sources */,
				19A9A2AD26C1285800BD5AF8 /* DeliveryItem.swift in Sources */,
				19DEC71B26D53C9400D9985B /* AddListView.swift in Sources */,
				2B5D54B826ED084100189351 /* View+extension.swift in Sources */,
			);
			runOnlyForDeploymentPostprocessing = 0;
		};
		2B5AC1EC2670EDA300CB80F6 /* Sources */ = {
			isa = PBXSourcesBuildPhase;
			buildActionMask = 2147483647;
			files = (
				2B5AC1F82670EDA400CB80F6 /* BlackCarWidget.swift in Sources */,
				2B5AC1FD2670EDAB00CB80F6 /* BlackCarWidget.intentdefinition in Sources */,
			);
			runOnlyForDeploymentPostprocessing = 0;
		};
/* End PBXSourcesBuildPhase section */

/* Begin PBXTargetDependency section */
		19A9A2C026C1342E00BD5AF8 /* PBXTargetDependency */ = {
			isa = PBXTargetDependency;
			target = 19A9A2B426C1342E00BD5AF8 /* Domain */;
			targetProxy = 19A9A2BF26C1342E00BD5AF8 /* PBXContainerItemProxy */;
		};
		19A9A2C226C1342E00BD5AF8 /* PBXTargetDependency */ = {
			isa = PBXTargetDependency;
			target = 2B5AC1D82670EBAF00CB80F6 /* BlackCat */;
			targetProxy = 19A9A2C126C1342E00BD5AF8 /* PBXContainerItemProxy */;
		};
		19A9A2C926C1342E00BD5AF8 /* PBXTargetDependency */ = {
			isa = PBXTargetDependency;
			target = 19A9A2B426C1342E00BD5AF8 /* Domain */;
			targetProxy = 19A9A2C826C1342E00BD5AF8 /* PBXContainerItemProxy */;
		};
/* End PBXTargetDependency section */

/* Begin XCBuildConfiguration section */
		19A9A2CD26C1342E00BD5AF8 /* Debug */ = {
			isa = XCBuildConfiguration;
			buildSettings = {
				CODE_SIGN_STYLE = Automatic;
				CURRENT_PROJECT_VERSION = 2;
				DEFINES_MODULE = YES;
				DEVELOPMENT_TEAM = 56787CM63P;
				DYLIB_COMPATIBILITY_VERSION = 1;
				DYLIB_CURRENT_VERSION = 2;
				DYLIB_INSTALL_NAME_BASE = "@rpath";
				INFOPLIST_FILE = Domain/Info.plist;
				INSTALL_PATH = "$(LOCAL_LIBRARY_DIR)/Frameworks";
				IPHONEOS_DEPLOYMENT_TARGET = 14.0;
				LD_RUNPATH_SEARCH_PATHS = (
					"$(inherited)",
					"@executable_path/Frameworks",
					"@loader_path/Frameworks",
				);
				PRODUCT_BUNDLE_IDENTIFIER = tosh7.Domain;
				PRODUCT_NAME = "$(TARGET_NAME:c99extidentifier)";
				SKIP_INSTALL = YES;
				SWIFT_VERSION = 5.0;
				TARGETED_DEVICE_FAMILY = "1,2";
				TVOS_DEPLOYMENT_TARGET = 14.0;
				VERSIONING_SYSTEM = "apple-generic";
				VERSION_INFO_PREFIX = "";
			};
			name = Debug;
		};
		19A9A2CE26C1342E00BD5AF8 /* Release */ = {
			isa = XCBuildConfiguration;
			buildSettings = {
				CODE_SIGN_STYLE = Automatic;
				CURRENT_PROJECT_VERSION = 2;
				DEFINES_MODULE = YES;
				DEVELOPMENT_TEAM = 56787CM63P;
				DYLIB_COMPATIBILITY_VERSION = 1;
				DYLIB_CURRENT_VERSION = 2;
				DYLIB_INSTALL_NAME_BASE = "@rpath";
				INFOPLIST_FILE = Domain/Info.plist;
				INSTALL_PATH = "$(LOCAL_LIBRARY_DIR)/Frameworks";
				IPHONEOS_DEPLOYMENT_TARGET = 14.0;
				LD_RUNPATH_SEARCH_PATHS = (
					"$(inherited)",
					"@executable_path/Frameworks",
					"@loader_path/Frameworks",
				);
				PRODUCT_BUNDLE_IDENTIFIER = tosh7.Domain;
				PRODUCT_NAME = "$(TARGET_NAME:c99extidentifier)";
				SKIP_INSTALL = YES;
				SWIFT_VERSION = 5.0;
				TARGETED_DEVICE_FAMILY = "1,2";
				TVOS_DEPLOYMENT_TARGET = 14.0;
				VERSIONING_SYSTEM = "apple-generic";
				VERSION_INFO_PREFIX = "";
			};
			name = Release;
		};
		19A9A2D126C1342E00BD5AF8 /* Debug */ = {
			isa = XCBuildConfiguration;
			buildSettings = {
				ALWAYS_EMBED_SWIFT_STANDARD_LIBRARIES = YES;
				CODE_SIGN_STYLE = Automatic;
				DEVELOPMENT_TEAM = 56787CM63P;
				INFOPLIST_FILE = DomainTests/Info.plist;
				IPHONEOS_DEPLOYMENT_TARGET = 14.5;
				LD_RUNPATH_SEARCH_PATHS = (
					"$(inherited)",
					"@executable_path/Frameworks",
					"@loader_path/Frameworks",
				);
				PRODUCT_BUNDLE_IDENTIFIER = tosh7.DomainTests;
				PRODUCT_NAME = "$(TARGET_NAME)";
				SWIFT_VERSION = 5.0;
				TARGETED_DEVICE_FAMILY = "1,2";
				TEST_HOST = "$(BUILT_PRODUCTS_DIR)/BlackCat.app/BlackCat";
			};
			name = Debug;
		};
		19A9A2D226C1342E00BD5AF8 /* Release */ = {
			isa = XCBuildConfiguration;
			buildSettings = {
				ALWAYS_EMBED_SWIFT_STANDARD_LIBRARIES = YES;
				CODE_SIGN_STYLE = Automatic;
				DEVELOPMENT_TEAM = 56787CM63P;
				INFOPLIST_FILE = DomainTests/Info.plist;
				IPHONEOS_DEPLOYMENT_TARGET = 14.5;
				LD_RUNPATH_SEARCH_PATHS = (
					"$(inherited)",
					"@executable_path/Frameworks",
					"@loader_path/Frameworks",
				);
				PRODUCT_BUNDLE_IDENTIFIER = tosh7.DomainTests;
				PRODUCT_NAME = "$(TARGET_NAME)";
				SWIFT_VERSION = 5.0;
				TARGETED_DEVICE_FAMILY = "1,2";
				TEST_HOST = "$(BUILT_PRODUCTS_DIR)/BlackCat.app/BlackCat";
			};
			name = Release;
		};
		2B5AC1E62670EBB300CB80F6 /* Debug */ = {
			isa = XCBuildConfiguration;
			buildSettings = {
				ALWAYS_SEARCH_USER_PATHS = NO;
				CLANG_ANALYZER_NONNULL = YES;
				CLANG_ANALYZER_NUMBER_OBJECT_CONVERSION = YES_AGGRESSIVE;
				CLANG_CXX_LANGUAGE_STANDARD = "gnu++14";
				CLANG_CXX_LIBRARY = "libc++";
				CLANG_ENABLE_MODULES = YES;
				CLANG_ENABLE_OBJC_ARC = YES;
				CLANG_ENABLE_OBJC_WEAK = YES;
				CLANG_WARN_BLOCK_CAPTURE_AUTORELEASING = YES;
				CLANG_WARN_BOOL_CONVERSION = YES;
				CLANG_WARN_COMMA = YES;
				CLANG_WARN_CONSTANT_CONVERSION = YES;
				CLANG_WARN_DEPRECATED_OBJC_IMPLEMENTATIONS = YES;
				CLANG_WARN_DIRECT_OBJC_ISA_USAGE = YES_ERROR;
				CLANG_WARN_DOCUMENTATION_COMMENTS = YES;
				CLANG_WARN_EMPTY_BODY = YES;
				CLANG_WARN_ENUM_CONVERSION = YES;
				CLANG_WARN_INFINITE_RECURSION = YES;
				CLANG_WARN_INT_CONVERSION = YES;
				CLANG_WARN_NON_LITERAL_NULL_CONVERSION = YES;
				CLANG_WARN_OBJC_IMPLICIT_RETAIN_SELF = YES;
				CLANG_WARN_OBJC_LITERAL_CONVERSION = YES;
				CLANG_WARN_OBJC_ROOT_CLASS = YES_ERROR;
				CLANG_WARN_QUOTED_INCLUDE_IN_FRAMEWORK_HEADER = YES;
				CLANG_WARN_RANGE_LOOP_ANALYSIS = YES;
				CLANG_WARN_STRICT_PROTOTYPES = YES;
				CLANG_WARN_SUSPICIOUS_MOVE = YES;
				CLANG_WARN_UNGUARDED_AVAILABILITY = YES_AGGRESSIVE;
				CLANG_WARN_UNREACHABLE_CODE = YES;
				CLANG_WARN__DUPLICATE_METHOD_MATCH = YES;
				COPY_PHASE_STRIP = NO;
				DEBUG_INFORMATION_FORMAT = dwarf;
				ENABLE_STRICT_OBJC_MSGSEND = YES;
				ENABLE_TESTABILITY = YES;
				GCC_C_LANGUAGE_STANDARD = gnu11;
				GCC_DYNAMIC_NO_PIC = NO;
				GCC_NO_COMMON_BLOCKS = YES;
				GCC_OPTIMIZATION_LEVEL = 0;
				GCC_PREPROCESSOR_DEFINITIONS = (
					"DEBUG=1",
					"$(inherited)",
				);
				GCC_WARN_64_TO_32_BIT_CONVERSION = YES;
				GCC_WARN_ABOUT_RETURN_TYPE = YES_ERROR;
				GCC_WARN_UNDECLARED_SELECTOR = YES;
				GCC_WARN_UNINITIALIZED_AUTOS = YES_AGGRESSIVE;
				GCC_WARN_UNUSED_FUNCTION = YES;
				GCC_WARN_UNUSED_VARIABLE = YES;
				IPHONEOS_DEPLOYMENT_TARGET = 14.0;
				MTL_ENABLE_DEBUG_INFO = INCLUDE_SOURCE;
				MTL_FAST_MATH = YES;
				ONLY_ACTIVE_ARCH = YES;
				SDKROOT = iphoneos;
				SWIFT_ACTIVE_COMPILATION_CONDITIONS = DEBUG;
				SWIFT_OPTIMIZATION_LEVEL = "-Onone";
			};
			name = Debug;
		};
		2B5AC1E72670EBB300CB80F6 /* Release */ = {
			isa = XCBuildConfiguration;
			buildSettings = {
				ALWAYS_SEARCH_USER_PATHS = NO;
				CLANG_ANALYZER_NONNULL = YES;
				CLANG_ANALYZER_NUMBER_OBJECT_CONVERSION = YES_AGGRESSIVE;
				CLANG_CXX_LANGUAGE_STANDARD = "gnu++14";
				CLANG_CXX_LIBRARY = "libc++";
				CLANG_ENABLE_MODULES = YES;
				CLANG_ENABLE_OBJC_ARC = YES;
				CLANG_ENABLE_OBJC_WEAK = YES;
				CLANG_WARN_BLOCK_CAPTURE_AUTORELEASING = YES;
				CLANG_WARN_BOOL_CONVERSION = YES;
				CLANG_WARN_COMMA = YES;
				CLANG_WARN_CONSTANT_CONVERSION = YES;
				CLANG_WARN_DEPRECATED_OBJC_IMPLEMENTATIONS = YES;
				CLANG_WARN_DIRECT_OBJC_ISA_USAGE = YES_ERROR;
				CLANG_WARN_DOCUMENTATION_COMMENTS = YES;
				CLANG_WARN_EMPTY_BODY = YES;
				CLANG_WARN_ENUM_CONVERSION = YES;
				CLANG_WARN_INFINITE_RECURSION = YES;
				CLANG_WARN_INT_CONVERSION = YES;
				CLANG_WARN_NON_LITERAL_NULL_CONVERSION = YES;
				CLANG_WARN_OBJC_IMPLICIT_RETAIN_SELF = YES;
				CLANG_WARN_OBJC_LITERAL_CONVERSION = YES;
				CLANG_WARN_OBJC_ROOT_CLASS = YES_ERROR;
				CLANG_WARN_QUOTED_INCLUDE_IN_FRAMEWORK_HEADER = YES;
				CLANG_WARN_RANGE_LOOP_ANALYSIS = YES;
				CLANG_WARN_STRICT_PROTOTYPES = YES;
				CLANG_WARN_SUSPICIOUS_MOVE = YES;
				CLANG_WARN_UNGUARDED_AVAILABILITY = YES_AGGRESSIVE;
				CLANG_WARN_UNREACHABLE_CODE = YES;
				CLANG_WARN__DUPLICATE_METHOD_MATCH = YES;
				COPY_PHASE_STRIP = NO;
				DEBUG_INFORMATION_FORMAT = "dwarf-with-dsym";
				ENABLE_NS_ASSERTIONS = NO;
				ENABLE_STRICT_OBJC_MSGSEND = YES;
				GCC_C_LANGUAGE_STANDARD = gnu11;
				GCC_NO_COMMON_BLOCKS = YES;
				GCC_WARN_64_TO_32_BIT_CONVERSION = YES;
				GCC_WARN_ABOUT_RETURN_TYPE = YES_ERROR;
				GCC_WARN_UNDECLARED_SELECTOR = YES;
				GCC_WARN_UNINITIALIZED_AUTOS = YES_AGGRESSIVE;
				GCC_WARN_UNUSED_FUNCTION = YES;
				GCC_WARN_UNUSED_VARIABLE = YES;
				IPHONEOS_DEPLOYMENT_TARGET = 14.0;
				MTL_ENABLE_DEBUG_INFO = NO;
				MTL_FAST_MATH = YES;
				SDKROOT = iphoneos;
				SWIFT_COMPILATION_MODE = wholemodule;
				SWIFT_OPTIMIZATION_LEVEL = "-O";
				VALIDATE_PRODUCT = YES;
			};
			name = Release;
		};
		2B5AC1E92670EBB300CB80F6 /* Debug */ = {
			isa = XCBuildConfiguration;
			buildSettings = {
				ALWAYS_EMBED_SWIFT_STANDARD_LIBRARIES = YES;
				ASSETCATALOG_COMPILER_APPICON_NAME = AppIcon;
				ASSETCATALOG_COMPILER_GLOBAL_ACCENT_COLOR_NAME = AccentColor;
				CODE_SIGN_STYLE = Manual;
				DEVELOPMENT_ASSET_PATHS = "\"BlackCat/Preview Content\"";
				DEVELOPMENT_TEAM = "";
				ENABLE_PREVIEWS = YES;
				INFOPLIST_FILE = BlackCat/Info.plist;
				IPHONEOS_DEPLOYMENT_TARGET = 14.0;
				LD_RUNPATH_SEARCH_PATHS = (
					"$(inherited)",
					"@executable_path/Frameworks",
				);
				MARKETING_VERSION = 1.0.0;
				PRODUCT_BUNDLE_IDENTIFIER = tosh7.BlackCat;
				PRODUCT_NAME = "$(TARGET_NAME)";
				PROVISIONING_PROFILE_SPECIFIER = "";
				SWIFT_VERSION = 5.0;
				TARGETED_DEVICE_FAMILY = 1;
			};
			name = Debug;
		};
		2B5AC1EA2670EBB300CB80F6 /* Release */ = {
			isa = XCBuildConfiguration;
			buildSettings = {
				ALWAYS_EMBED_SWIFT_STANDARD_LIBRARIES = YES;
				ASSETCATALOG_COMPILER_APPICON_NAME = AppIcon;
				ASSETCATALOG_COMPILER_GLOBAL_ACCENT_COLOR_NAME = AccentColor;
				CODE_SIGN_STYLE = Manual;
				DEVELOPMENT_ASSET_PATHS = "\"BlackCat/Preview Content\"";
				DEVELOPMENT_TEAM = "";
				ENABLE_PREVIEWS = YES;
				INFOPLIST_FILE = BlackCat/Info.plist;
				IPHONEOS_DEPLOYMENT_TARGET = 14.0;
				LD_RUNPATH_SEARCH_PATHS = (
					"$(inherited)",
					"@executable_path/Frameworks",
				);
				MARKETING_VERSION = 1.0.0;
				PRODUCT_BUNDLE_IDENTIFIER = tosh7.BlackCat;
				PRODUCT_NAME = "$(TARGET_NAME)";
				PROVISIONING_PROFILE_SPECIFIER = "";
				SWIFT_VERSION = 5.0;
				TARGETED_DEVICE_FAMILY = 1;
			};
			name = Release;
		};
		2B5AC2032670EDAC00CB80F6 /* Debug */ = {
			isa = XCBuildConfiguration;
			buildSettings = {
				ASSETCATALOG_COMPILER_GLOBAL_ACCENT_COLOR_NAME = AccentColor;
				ASSETCATALOG_COMPILER_WIDGET_BACKGROUND_COLOR_NAME = WidgetBackground;
				CODE_SIGN_STYLE = Automatic;
				DEVELOPMENT_TEAM = 56787CM63P;
				INFOPLIST_FILE = BlackCarWidget/Info.plist;
				LD_RUNPATH_SEARCH_PATHS = (
					"$(inherited)",
					"@executable_path/Frameworks",
					"@executable_path/../../Frameworks",
				);
				MARKETING_VERSION = 1.0.0;
				PRODUCT_BUNDLE_IDENTIFIER = tosh7.BlackCat.BlackCarWidget;
				PRODUCT_NAME = "$(TARGET_NAME)";
				SKIP_INSTALL = YES;
				SWIFT_VERSION = 5.0;
				TARGETED_DEVICE_FAMILY = 1;
			};
			name = Debug;
		};
		2B5AC2042670EDAC00CB80F6 /* Release */ = {
			isa = XCBuildConfiguration;
			buildSettings = {
				ASSETCATALOG_COMPILER_GLOBAL_ACCENT_COLOR_NAME = AccentColor;
				ASSETCATALOG_COMPILER_WIDGET_BACKGROUND_COLOR_NAME = WidgetBackground;
				CODE_SIGN_STYLE = Automatic;
				DEVELOPMENT_TEAM = 56787CM63P;
				INFOPLIST_FILE = BlackCarWidget/Info.plist;
				LD_RUNPATH_SEARCH_PATHS = (
					"$(inherited)",
					"@executable_path/Frameworks",
					"@executable_path/../../Frameworks",
				);
				MARKETING_VERSION = 1.0.0;
				PRODUCT_BUNDLE_IDENTIFIER = tosh7.BlackCat.BlackCarWidget;
				PRODUCT_NAME = "$(TARGET_NAME)";
				SKIP_INSTALL = YES;
				SWIFT_VERSION = 5.0;
				TARGETED_DEVICE_FAMILY = 1;
			};
			name = Release;
		};
/* End XCBuildConfiguration section */

/* Begin XCConfigurationList section */
		19A9A2CC26C1342E00BD5AF8 /* Build configuration list for PBXNativeTarget "Domain" */ = {
			isa = XCConfigurationList;
			buildConfigurations = (
				19A9A2CD26C1342E00BD5AF8 /* Debug */,
				19A9A2CE26C1342E00BD5AF8 /* Release */,
			);
			defaultConfigurationIsVisible = 0;
			defaultConfigurationName = Release;
		};
		19A9A2D026C1342E00BD5AF8 /* Build configuration list for PBXNativeTarget "DomainTests" */ = {
			isa = XCConfigurationList;
			buildConfigurations = (
				19A9A2D126C1342E00BD5AF8 /* Debug */,
				19A9A2D226C1342E00BD5AF8 /* Release */,
			);
			defaultConfigurationIsVisible = 0;
			defaultConfigurationName = Release;
		};
		2B5AC1D42670EBAF00CB80F6 /* Build configuration list for PBXProject "BlackCat" */ = {
			isa = XCConfigurationList;
			buildConfigurations = (
				2B5AC1E62670EBB300CB80F6 /* Debug */,
				2B5AC1E72670EBB300CB80F6 /* Release */,
			);
			defaultConfigurationIsVisible = 0;
			defaultConfigurationName = Release;
		};
		2B5AC1E82670EBB300CB80F6 /* Build configuration list for PBXNativeTarget "BlackCat" */ = {
			isa = XCConfigurationList;
			buildConfigurations = (
				2B5AC1E92670EBB300CB80F6 /* Debug */,
				2B5AC1EA2670EBB300CB80F6 /* Release */,
			);
			defaultConfigurationIsVisible = 0;
			defaultConfigurationName = Release;
		};
		2B5AC2022670EDAC00CB80F6 /* Build configuration list for PBXNativeTarget "BlackCarWidgetExtension" */ = {
			isa = XCConfigurationList;
			buildConfigurations = (
				2B5AC2032670EDAC00CB80F6 /* Debug */,
				2B5AC2042670EDAC00CB80F6 /* Release */,
			);
			defaultConfigurationIsVisible = 0;
			defaultConfigurationName = Release;
		};
/* End XCConfigurationList section */
	};
	rootObject = 2B5AC1D12670EBAF00CB80F6 /* Project object */;
}
